// !$*UTF8*$!
{
	archiveVersion = 1;
	classes = {
	};
	objectVersion = 56;
	objects = {

/* Begin PBXBuildFile section */
		F438AAB02AAB9EF20045C331 /* Sign_In_Options_ExampleApp.swift in Sources */ = {isa = PBXBuildFile; fileRef = F438AAAF2AAB9EF20045C331 /* Sign_In_Options_ExampleApp.swift */; };
		F438AAB22AAB9EF20045C331 /* WelcomeView.swift in Sources */ = {isa = PBXBuildFile; fileRef = F438AAB12AAB9EF20045C331 /* WelcomeView.swift */; };
		F438AAB42AAB9EFA0045C331 /* Assets.xcassets in Resources */ = {isa = PBXBuildFile; fileRef = F438AAB32AAB9EFA0045C331 /* Assets.xcassets */; };
		F438AAB72AAB9EFA0045C331 /* Preview Assets.xcassets in Resources */ = {isa = PBXBuildFile; fileRef = F438AAB62AAB9EFA0045C331 /* Preview Assets.xcassets */; };
		F438AAC12AABC29E0045C331 /* FirebaseAuth in Frameworks */ = {isa = PBXBuildFile; productRef = F438AAC02AABC29E0045C331 /* FirebaseAuth */; };
		F438AAC32AABC29E0045C331 /* FirebaseFirestore in Frameworks */ = {isa = PBXBuildFile; productRef = F438AAC22AABC29E0045C331 /* FirebaseFirestore */; };
		F438AAC92AABE4530045C331 /* GoogleService-Info.plist in Resources */ = {isa = PBXBuildFile; fileRef = F438AAC82AABE4530045C331 /* GoogleService-Info.plist */; };
		F443A5C12AAFA0EC00590C82 /* HomeView.swift in Sources */ = {isa = PBXBuildFile; fileRef = F443A5C02AAFA0EC00590C82 /* HomeView.swift */; };
		F443A5C32AAFA2A000590C82 /* AuthService.swift in Sources */ = {isa = PBXBuildFile; fileRef = F443A5C22AAFA2A000590C82 /* AuthService.swift */; };
		F443A5C62AAFA51000590C82 /* GoogleSignIn in Frameworks */ = {isa = PBXBuildFile; productRef = F443A5C52AAFA51000590C82 /* GoogleSignIn */; };
		F443A5C92AAFE51500590C82 /* StartView.swift in Sources */ = {isa = PBXBuildFile; fileRef = F443A5C82AAFE51400590C82 /* StartView.swift */; };
		F443A5CB2AB1027800590C82 /* LoginView.swift in Sources */ = {isa = PBXBuildFile; fileRef = F443A5CA2AB1027800590C82 /* LoginView.swift */; };
/* End PBXBuildFile section */

/* Begin PBXFileReference section */
		F438AAAC2AAB9EF20045C331 /* Sign In Options Example.app */ = {isa = PBXFileReference; explicitFileType = wrapper.application; includeInIndex = 0; path = "Sign In Options Example.app"; sourceTree = BUILT_PRODUCTS_DIR; };
		F438AAAF2AAB9EF20045C331 /* Sign_In_Options_ExampleApp.swift */ = {isa = PBXFileReference; lastKnownFileType = sourcecode.swift; path = Sign_In_Options_ExampleApp.swift; sourceTree = "<group>"; };
		F438AAB12AAB9EF20045C331 /* WelcomeView.swift */ = {isa = PBXFileReference; lastKnownFileType = sourcecode.swift; path = WelcomeView.swift; sourceTree = "<group>"; };
		F438AAB32AAB9EFA0045C331 /* Assets.xcassets */ = {isa = PBXFileReference; lastKnownFileType = folder.assetcatalog; path = Assets.xcassets; sourceTree = "<group>"; };
		F438AAB62AAB9EFA0045C331 /* Preview Assets.xcassets */ = {isa = PBXFileReference; lastKnownFileType = folder.assetcatalog; path = "Preview Assets.xcassets"; sourceTree = "<group>"; };
		F438AAC82AABE4530045C331 /* GoogleService-Info.plist */ = {isa = PBXFileReference; fileEncoding = 4; lastKnownFileType = text.plist.xml; path = "GoogleService-Info.plist"; sourceTree = "<group>"; };
		F443A5C02AAFA0EC00590C82 /* HomeView.swift */ = {isa = PBXFileReference; lastKnownFileType = sourcecode.swift; path = HomeView.swift; sourceTree = "<group>"; };
		F443A5C22AAFA2A000590C82 /* AuthService.swift */ = {isa = PBXFileReference; lastKnownFileType = sourcecode.swift; path = AuthService.swift; sourceTree = "<group>"; };
		F443A5C72AAFBCEC00590C82 /* Sign-In-Options-Example-Info.plist */ = {isa = PBXFileReference; lastKnownFileType = text.plist; path = "Sign-In-Options-Example-Info.plist"; sourceTree = SOURCE_ROOT; };
		F443A5C82AAFE51400590C82 /* StartView.swift */ = {isa = PBXFileReference; lastKnownFileType = sourcecode.swift; path = StartView.swift; sourceTree = "<group>"; };
		F443A5CA2AB1027800590C82 /* LoginView.swift */ = {isa = PBXFileReference; lastKnownFileType = sourcecode.swift; path = LoginView.swift; sourceTree = "<group>"; };
		F443A5CC2AB1526E00590C82 /* Sign In Options Example.entitlements */ = {isa = PBXFileReference; lastKnownFileType = text.plist.entitlements; path = "Sign In Options Example.entitlements"; sourceTree = "<group>"; };
/* End PBXFileReference section */

/* Begin PBXFrameworksBuildPhase section */
		F438AAA92AAB9EF20045C331 /* Frameworks */ = {
			isa = PBXFrameworksBuildPhase;
			buildActionMask = 2147483647;
			files = (
				F438AAC12AABC29E0045C331 /* FirebaseAuth in Frameworks */,
				F438AAC32AABC29E0045C331 /* FirebaseFirestore in Frameworks */,
				F443A5C62AAFA51000590C82 /* GoogleSignIn in Frameworks */,
			);
			runOnlyForDeploymentPostprocessing = 0;
		};
/* End PBXFrameworksBuildPhase section */

/* Begin PBXGroup section */
		F438AAA32AAB9EF20045C331 = {
			isa = PBXGroup;
			children = (
				F438AAAE2AAB9EF20045C331 /* Sign In Options Example */,
				F438AAAD2AAB9EF20045C331 /* Products */,
			);
			sourceTree = "<group>";
		};
		F438AAAD2AAB9EF20045C331 /* Products */ = {
			isa = PBXGroup;
			children = (
				F438AAAC2AAB9EF20045C331 /* Sign In Options Example.app */,
			);
			name = Products;
			sourceTree = "<group>";
		};
		F438AAAE2AAB9EF20045C331 /* Sign In Options Example */ = {
			isa = PBXGroup;
			children = (
				F443A5CC2AB1526E00590C82 /* Sign In Options Example.entitlements */,
				F443A5C72AAFBCEC00590C82 /* Sign-In-Options-Example-Info.plist */,
				F438AAAF2AAB9EF20045C331 /* Sign_In_Options_ExampleApp.swift */,
				F443A5C22AAFA2A000590C82 /* AuthService.swift */,
				F443A5C82AAFE51400590C82 /* StartView.swift */,
				F438AAB12AAB9EF20045C331 /* WelcomeView.swift */,
				F443A5C02AAFA0EC00590C82 /* HomeView.swift */,
				F443A5CA2AB1027800590C82 /* LoginView.swift */,
				F438AAB32AAB9EFA0045C331 /* Assets.xcassets */,
				F438AAC82AABE4530045C331 /* GoogleService-Info.plist */,
				F438AAB52AAB9EFA0045C331 /* Preview Content */,
			);
			path = "Sign In Options Example";
			sourceTree = "<group>";
		};
		F438AAB52AAB9EFA0045C331 /* Preview Content */ = {
			isa = PBXGroup;
			children = (
				F438AAB62AAB9EFA0045C331 /* Preview Assets.xcassets */,
			);
			path = "Preview Content";
			sourceTree = "<group>";
		};
/* End PBXGroup section */

/* Begin PBXNativeTarget section */
		F438AAAB2AAB9EF20045C331 /* Sign In Options Example */ = {
			isa = PBXNativeTarget;
			buildConfigurationList = F438AABA2AAB9EFA0045C331 /* Build configuration list for PBXNativeTarget "Sign In Options Example" */;
			buildPhases = (
				F438AAA82AAB9EF20045C331 /* Sources */,
				F438AAA92AAB9EF20045C331 /* Frameworks */,
				F438AAAA2AAB9EF20045C331 /* Resources */,
			);
			buildRules = (
			);
			dependencies = (
			);
			name = "Sign In Options Example";
			packageProductDependencies = (
				F438AAC02AABC29E0045C331 /* FirebaseAuth */,
				F438AAC22AABC29E0045C331 /* FirebaseFirestore */,
				F443A5C52AAFA51000590C82 /* GoogleSignIn */,
			);
			productName = "Sign In Options Example";
			productReference = F438AAAC2AAB9EF20045C331 /* Sign In Options Example.app */;
			productType = "com.apple.product-type.application";
		};
/* End PBXNativeTarget section */

/* Begin PBXProject section */
		F438AAA42AAB9EF20045C331 /* Project object */ = {
			isa = PBXProject;
			attributes = {
				BuildIndependentTargetsInParallel = 1;
				LastSwiftUpdateCheck = 1400;
				LastUpgradeCheck = 1400;
				TargetAttributes = {
					F438AAAB2AAB9EF20045C331 = {
						CreatedOnToolsVersion = 14.0.1;
					};
				};
			};
			buildConfigurationList = F438AAA72AAB9EF20045C331 /* Build configuration list for PBXProject "Sign In Options Example" */;
			compatibilityVersion = "Xcode 14.0";
			developmentRegion = en;
			hasScannedForEncodings = 0;
			knownRegions = (
				en,
				Base,
			);
			mainGroup = F438AAA32AAB9EF20045C331;
			packageReferences = (
				F438AABF2AABC29E0045C331 /* XCRemoteSwiftPackageReference "firebase-ios-sdk" */,
				F443A5C42AAFA51000590C82 /* XCRemoteSwiftPackageReference "GoogleSignIn-iOS" */,
			);
			productRefGroup = F438AAAD2AAB9EF20045C331 /* Products */;
			projectDirPath = "";
			projectRoot = "";
			targets = (
				F438AAAB2AAB9EF20045C331 /* Sign In Options Example */,
			);
		};
/* End PBXProject section */

/* Begin PBXResourcesBuildPhase section */
		F438AAAA2AAB9EF20045C331 /* Resources */ = {
			isa = PBXResourcesBuildPhase;
			buildActionMask = 2147483647;
			files = (
				F438AAB72AAB9EFA0045C331 /* Preview Assets.xcassets in Resources */,
				F438AAB42AAB9EFA0045C331 /* Assets.xcassets in Resources */,
				F438AAC92AABE4530045C331 /* GoogleService-Info.plist in Resources */,
			);
			runOnlyForDeploymentPostprocessing = 0;
		};
/* End PBXResourcesBuildPhase section */

/* Begin PBXSourcesBuildPhase section */
		F438AAA82AAB9EF20045C331 /* Sources */ = {
			isa = PBXSourcesBuildPhase;
			buildActionMask = 2147483647;
			files = (
				F443A5CB2AB1027800590C82 /* LoginView.swift in Sources */,
				F443A5C12AAFA0EC00590C82 /* HomeView.swift in Sources */,
				F443A5C92AAFE51500590C82 /* StartView.swift in Sources */,
				F438AAB22AAB9EF20045C331 /* WelcomeView.swift in Sources */,
				F438AAB02AAB9EF20045C331 /* Sign_In_Options_ExampleApp.swift in Sources */,
				F443A5C32AAFA2A000590C82 /* AuthService.swift in Sources */,
			);
			runOnlyForDeploymentPostprocessing = 0;
		};
/* End PBXSourcesBuildPhase section */

/* Begin XCBuildConfiguration section */
		F438AAB82AAB9EFA0045C331 /* Debug */ = {
			isa = XCBuildConfiguration;
			buildSettings = {
				ALWAYS_SEARCH_USER_PATHS = NO;
				CLANG_ANALYZER_NONNULL = YES;
				CLANG_ANALYZER_NUMBER_OBJECT_CONVERSION = YES_AGGRESSIVE;
				CLANG_CXX_LANGUAGE_STANDARD = "gnu++20";
				CLANG_ENABLE_MODULES = YES;
				CLANG_ENABLE_OBJC_ARC = YES;
				CLANG_ENABLE_OBJC_WEAK = YES;
				CLANG_WARN_BLOCK_CAPTURE_AUTORELEASING = YES;
				CLANG_WARN_BOOL_CONVERSION = YES;
				CLANG_WARN_COMMA = YES;
				CLANG_WARN_CONSTANT_CONVERSION = YES;
				CLANG_WARN_DEPRECATED_OBJC_IMPLEMENTATIONS = YES;
				CLANG_WARN_DIRECT_OBJC_ISA_USAGE = YES_ERROR;
				CLANG_WARN_DOCUMENTATION_COMMENTS = YES;
				CLANG_WARN_EMPTY_BODY = YES;
				CLANG_WARN_ENUM_CONVERSION = YES;
				CLANG_WARN_INFINITE_RECURSION = YES;
				CLANG_WARN_INT_CONVERSION = YES;
				CLANG_WARN_NON_LITERAL_NULL_CONVERSION = YES;
				CLANG_WARN_OBJC_IMPLICIT_RETAIN_SELF = YES;
				CLANG_WARN_OBJC_LITERAL_CONVERSION = YES;
				CLANG_WARN_OBJC_ROOT_CLASS = YES_ERROR;
				CLANG_WARN_QUOTED_INCLUDE_IN_FRAMEWORK_HEADER = YES;
				CLANG_WARN_RANGE_LOOP_ANALYSIS = YES;
				CLANG_WARN_STRICT_PROTOTYPES = YES;
				CLANG_WARN_SUSPICIOUS_MOVE = YES;
				CLANG_WARN_UNGUARDED_AVAILABILITY = YES_AGGRESSIVE;
				CLANG_WARN_UNREACHABLE_CODE = YES;
				CLANG_WARN__DUPLICATE_METHOD_MATCH = YES;
				COPY_PHASE_STRIP = NO;
				DEBUG_INFORMATION_FORMAT = dwarf;
				ENABLE_STRICT_OBJC_MSGSEND = YES;
				ENABLE_TESTABILITY = YES;
				GCC_C_LANGUAGE_STANDARD = gnu11;
				GCC_DYNAMIC_NO_PIC = NO;
				GCC_NO_COMMON_BLOCKS = YES;
				GCC_OPTIMIZATION_LEVEL = 0;
				GCC_PREPROCESSOR_DEFINITIONS = (
					"DEBUG=1",
					"$(inherited)",
				);
				GCC_WARN_64_TO_32_BIT_CONVERSION = YES;
				GCC_WARN_ABOUT_RETURN_TYPE = YES_ERROR;
				GCC_WARN_UNDECLARED_SELECTOR = YES;
				GCC_WARN_UNINITIALIZED_AUTOS = YES_AGGRESSIVE;
				GCC_WARN_UNUSED_FUNCTION = YES;
				GCC_WARN_UNUSED_VARIABLE = YES;
				IPHONEOS_DEPLOYMENT_TARGET = 16.0;
				MTL_ENABLE_DEBUG_INFO = INCLUDE_SOURCE;
				MTL_FAST_MATH = YES;
				ONLY_ACTIVE_ARCH = YES;
				SDKROOT = iphoneos;
				SWIFT_ACTIVE_COMPILATION_CONDITIONS = DEBUG;
				SWIFT_OPTIMIZATION_LEVEL = "-Onone";
			};
			name = Debug;
		};
		F438AAB92AAB9EFA0045C331 /* Release */ = {
			isa = XCBuildConfiguration;
			buildSettings = {
				ALWAYS_SEARCH_USER_PATHS = NO;
				CLANG_ANALYZER_NONNULL = YES;
				CLANG_ANALYZER_NUMBER_OBJECT_CONVERSION = YES_AGGRESSIVE;
				CLANG_CXX_LANGUAGE_STANDARD = "gnu++20";
				CLANG_ENABLE_MODULES = YES;
				CLANG_ENABLE_OBJC_ARC = YES;
				CLANG_ENABLE_OBJC_WEAK = YES;
				CLANG_WARN_BLOCK_CAPTURE_AUTORELEASING = YES;
				CLANG_WARN_BOOL_CONVERSION = YES;
				CLANG_WARN_COMMA = YES;
				CLANG_WARN_CONSTANT_CONVERSION = YES;
				CLANG_WARN_DEPRECATED_OBJC_IMPLEMENTATIONS = YES;
				CLANG_WARN_DIRECT_OBJC_ISA_USAGE = YES_ERROR;
				CLANG_WARN_DOCUMENTATION_COMMENTS = YES;
				CLANG_WARN_EMPTY_BODY = YES;
				CLANG_WARN_ENUM_CONVERSION = YES;
				CLANG_WARN_INFINITE_RECURSION = YES;
				CLANG_WARN_INT_CONVERSION = YES;
				CLANG_WARN_NON_LITERAL_NULL_CONVERSION = YES;
				CLANG_WARN_OBJC_IMPLICIT_RETAIN_SELF = YES;
				CLANG_WARN_OBJC_LITERAL_CONVERSION = YES;
				CLANG_WARN_OBJC_ROOT_CLASS = YES_ERROR;
				CLANG_WARN_QUOTED_INCLUDE_IN_FRAMEWORK_HEADER = YES;
				CLANG_WARN_RANGE_LOOP_ANALYSIS = YES;
				CLANG_WARN_STRICT_PROTOTYPES = YES;
				CLANG_WARN_SUSPICIOUS_MOVE = YES;
				CLANG_WARN_UNGUARDED_AVAILABILITY = YES_AGGRESSIVE;
				CLANG_WARN_UNREACHABLE_CODE = YES;
				CLANG_WARN__DUPLICATE_METHOD_MATCH = YES;
				COPY_PHASE_STRIP = NO;
				DEBUG_INFORMATION_FORMAT = "dwarf-with-dsym";
				ENABLE_NS_ASSERTIONS = NO;
				ENABLE_STRICT_OBJC_MSGSEND = YES;
				GCC_C_LANGUAGE_STANDARD = gnu11;
				GCC_NO_COMMON_BLOCKS = YES;
				GCC_WARN_64_TO_32_BIT_CONVERSION = YES;
				GCC_WARN_ABOUT_RETURN_TYPE = YES_ERROR;
				GCC_WARN_UNDECLARED_SELECTOR = YES;
				GCC_WARN_UNINITIALIZED_AUTOS = YES_AGGRESSIVE;
				GCC_WARN_UNUSED_FUNCTION = YES;
				GCC_WARN_UNUSED_VARIABLE = YES;
				IPHONEOS_DEPLOYMENT_TARGET = 16.0;
				MTL_ENABLE_DEBUG_INFO = NO;
				MTL_FAST_MATH = YES;
				SDKROOT = iphoneos;
				SWIFT_COMPILATION_MODE = wholemodule;
				SWIFT_OPTIMIZATION_LEVEL = "-O";
				VALIDATE_PRODUCT = YES;
			};
			name = Release;
		};
		F438AABB2AAB9EFA0045C331 /* Debug */ = {
			isa = XCBuildConfiguration;
			buildSettings = {
				ASSETCATALOG_COMPILER_APPICON_NAME = AppIcon;
				ASSETCATALOG_COMPILER_GLOBAL_ACCENT_COLOR_NAME = AccentColor;
				CODE_SIGN_ENTITLEMENTS = "Sign In Options Example/Sign In Options Example.entitlements";
				CODE_SIGN_STYLE = Automatic;
				CURRENT_PROJECT_VERSION = 1;
				DEVELOPMENT_ASSET_PATHS = "\"Sign In Options Example/Preview Content\"";
				DEVELOPMENT_TEAM = 3Z26732YPL;
				ENABLE_PREVIEWS = YES;
				GENERATE_INFOPLIST_FILE = YES;
				INFOPLIST_FILE = "Sign-In-Options-Example-Info.plist";
				INFOPLIST_KEY_UIApplicationSceneManifest_Generation = YES;
				INFOPLIST_KEY_UIApplicationSupportsIndirectInputEvents = YES;
				INFOPLIST_KEY_UILaunchScreen_Generation = YES;
				INFOPLIST_KEY_UISupportedInterfaceOrientations_iPad = "UIInterfaceOrientationPortrait UIInterfaceOrientationPortraitUpsideDown UIInterfaceOrientationLandscapeLeft UIInterfaceOrientationLandscapeRight";
				INFOPLIST_KEY_UISupportedInterfaceOrientations_iPhone = "UIInterfaceOrientationPortrait UIInterfaceOrientationLandscapeLeft UIInterfaceOrientationLandscapeRight";
				LD_RUNPATH_SEARCH_PATHS = (
					"$(inherited)",
					"@executable_path/Frameworks",
				);
				MARKETING_VERSION = 1.0;
				PRODUCT_BUNDLE_IDENTIFIER = "com.michaelhsieh.Sign-In-Options-Example";
				PRODUCT_NAME = "$(TARGET_NAME)";
				SWIFT_EMIT_LOC_STRINGS = YES;
				SWIFT_VERSION = 5.0;
				TARGETED_DEVICE_FAMILY = "1,2";
			};
			name = Debug;
		};
		F438AABC2AAB9EFA0045C331 /* Release */ = {
			isa = XCBuildConfiguration;
			buildSettings = {
				ASSETCATALOG_COMPILER_APPICON_NAME = AppIcon;
				ASSETCATALOG_COMPILER_GLOBAL_ACCENT_COLOR_NAME = AccentColor;
				CODE_SIGN_ENTITLEMENTS = "Sign In Options Example/Sign In Options Example.entitlements";
				CODE_SIGN_STYLE = Automatic;
				CURRENT_PROJECT_VERSION = 1;
				DEVELOPMENT_ASSET_PATHS = "\"Sign In Options Example/Preview Content\"";
				DEVELOPMENT_TEAM = 3Z26732YPL;
				ENABLE_PREVIEWS = YES;
				GENERATE_INFOPLIST_FILE = YES;
				INFOPLIST_FILE = "Sign-In-Options-Example-Info.plist";
				INFOPLIST_KEY_UIApplicationSceneManifest_Generation = YES;
				INFOPLIST_KEY_UIApplicationSupportsIndirectInputEvents = YES;
				INFOPLIST_KEY_UILaunchScreen_Generation = YES;
				INFOPLIST_KEY_UISupportedInterfaceOrientations_iPad = "UIInterfaceOrientationPortrait UIInterfaceOrientationPortraitUpsideDown UIInterfaceOrientationLandscapeLeft UIInterfaceOrientationLandscapeRight";
				INFOPLIST_KEY_UISupportedInterfaceOrientations_iPhone = "UIInterfaceOrientationPortrait UIInterfaceOrientationLandscapeLeft UIInterfaceOrientationLandscapeRight";
				LD_RUNPATH_SEARCH_PATHS = (
					"$(inherited)",
					"@executable_path/Frameworks",
				);
				MARKETING_VERSION = 1.0;
				PRODUCT_BUNDLE_IDENTIFIER = "com.michaelhsieh.Sign-In-Options-Example";
				PRODUCT_NAME = "$(TARGET_NAME)";
				SWIFT_EMIT_LOC_STRINGS = YES;
				SWIFT_VERSION = 5.0;
				TARGETED_DEVICE_FAMILY = "1,2";
			};
			name = Release;
		};
/* End XCBuildConfiguration section */

/* Begin XCConfigurationList section */
		F438AAA72AAB9EF20045C331 /* Build configuration list for PBXProject "Sign In Options Example" */ = {
			isa = XCConfigurationList;
			buildConfigurations = (
				F438AAB82AAB9EFA0045C331 /* Debug */,
				F438AAB92AAB9EFA0045C331 /* Release */,
			);
			defaultConfigurationIsVisible = 0;
			defaultConfigurationName = Release;
		};
		F438AABA2AAB9EFA0045C331 /* Build configuration list for PBXNativeTarget "Sign In Options Example" */ = {
			isa = XCConfigurationList;
			buildConfigurations = (
				F438AABB2AAB9EFA0045C331 /* Debug */,
				F438AABC2AAB9EFA0045C331 /* Release */,
			);
			defaultConfigurationIsVisible = 0;
			defaultConfigurationName = Release;
		};
/* End XCConfigurationList section */

/* Begin XCRemoteSwiftPackageReference section */
		F438AABF2AABC29E0045C331 /* XCRemoteSwiftPackageReference "firebase-ios-sdk" */ = {
			isa = XCRemoteSwiftPackageReference;
			repositoryURL = "https://github.com/firebase/firebase-ios-sdk";
			requirement = {
				branch = master;
				kind = branch;
			};
		};
		F443A5C42AAFA51000590C82 /* XCRemoteSwiftPackageReference "GoogleSignIn-iOS" */ = {
			isa = XCRemoteSwiftPackageReference;
			repositoryURL = "https://github.com/google/GoogleSignIn-iOS";
			requirement = {
				kind = upToNextMajorVersion;
				minimumVersion = 7.0.0;
			};
		};
/* End XCRemoteSwiftPackageReference section */

/* Begin XCSwiftPackageProductDependency section */
		F438AAC02AABC29E0045C331 /* FirebaseAuth */ = {
			isa = XCSwiftPackageProductDependency;
			package = F438AABF2AABC29E0045C331 /* XCRemoteSwiftPackageReference "firebase-ios-sdk" */;
			productName = FirebaseAuth;
		};
		F438AAC22AABC29E0045C331 /* FirebaseFirestore */ = {
			isa = XCSwiftPackageProductDependency;
			package = F438AABF2AABC29E0045C331 /* XCRemoteSwiftPackageReference "firebase-ios-sdk" */;
			productName = FirebaseFirestore;
		};
		F443A5C52AAFA51000590C82 /* GoogleSignIn */ = {
			isa = XCSwiftPackageProductDependency;
			package = F443A5C42AAFA51000590C82 /* XCRemoteSwiftPackageReference "GoogleSignIn-iOS" */;
			productName = GoogleSignIn;
		};
/* End XCSwiftPackageProductDependency section */
	};
	rootObject = F438AAA42AAB9EF20045C331 /* Project object */;
}
